
Microsoft Visual Studio Solution File, Format Version 12.00
# Visual Studio 2013
VisualStudioVersion = 12.0.31101.0
MinimumVisualStudioVersion = 10.0.40219.1
Project("{2150E333-8FDC-42A3-9474-1A3956D46DE8}") = "Core", "Core", "{7DA8E5C5-5F9E-480D-8BD9-360A8942DE37}"
EndProject
Project("{FAE04EC0-301F-11D3-BF4B-00C04F79EFBC}") = "IRCore.BusinessObject", "IRCore.BusinessObject\IRCore.BusinessObject.csproj", "{45A52F80-55A6-47B5-86B9-3330A2709457}"
EndProject
Project("{FAE04EC0-301F-11D3-BF4B-00C04F79EFBC}") = "IRCore.DataAccess.ADO", "IRCore.DataAccess.ADO\IRCore.DataAccess.ADO.csproj", "{39A8FD75-FC28-49A8-933A-3F735F96F137}"
EndProject
Project("{FAE04EC0-301F-11D3-BF4B-00C04F79EFBC}") = "IRCore.Util", "IRCore.Util\IRCore.Util.csproj", "{98388FCF-F690-4576-B6CB-E054F4A72097}"
EndProject
Project("{FAE04EC0-301F-11D3-BF4B-00C04F79EFBC}") = "IRCore.DataAccess.Model", "IRCore.DataAccess.Model\IRCore.DataAccess.Model.csproj", "{D099B23D-6352-4336-BAE8-1A5C97F515D9}"
EndProject
Project("{FAE04EC0-301F-11D3-BF4B-00C04F79EFBC}") = "IRCore.Test", "IRCore.Test\IRCore.Test.csproj", "{4BDD369C-E089-4BFD-BA8C-C0EAAAC086A0}"
EndProject
Project("{FAE04EC0-301F-11D3-BF4B-00C04F79EFBC}") = "IRLib", "Comum\IRLib\IRLib.csproj", "{6A046605-146B-4DC3-8270-8593FBA71EB6}"
EndProject
Project("{FAE04EC0-301F-11D3-BF4B-00C04F79EFBC}") = "CTLib", "Comum\CTLib\CTLib.csproj", "{D6C8573F-35C1-4D4F-B361-E917C52B361D}"
EndProject
Project("{FAE04EC0-301F-11D3-BF4B-00C04F79EFBC}") = "IngressoRapidoLib", "Site\IngressoRapidoLib\IngressoRapidoLib.csproj", "{C69042FC-BB1B-4C28-9B3B-3CA5F9F0F7FF}"
EndProject
Project("{FAE04EC0-301F-11D3-BF4B-00C04F79EFBC}") = "IRAPI", "IRAPI\IRAPI.csproj", "{FB55591A-4C02-45E5-BCD5-D21C23EE1046}"
EndProject
Project("{FAE04EC0-301F-11D3-BF4B-00C04F79EFBC}") = "IRCore.BusinessObject.Identity.1.0.0", "IRCore.BusinessObject.Identity.1.0.0\IRCore.BusinessObject.Identity.1.0.0.csproj", "{99FE1E17-B511-439A-AEA0-1AC133739F35}"
EndProject
Project("{FAE04EC0-301F-11D3-BF4B-00C04F79EFBC}") = "IRCore.BusinessObject.Identity.2.1.0", "IRCore.BusinessObject.Identity.2.1.0\IRCore.BusinessObject.Identity.2.1.0.csproj", "{53723C07-EE79-4B98-BE2A-AA3A67237E7F}"
EndProject
Project("{FAE04EC0-301F-11D3-BF4B-00C04F79EFBC}") = "IRCore.Web.MVC.5.0.0", "IRCore.Web.MVC.5.0.0\IRCore.Web.MVC.5.0.0.csproj", "{6705F19E-E8B4-4FA5-8A61-1FFE73FD1C7F}"
EndProject
Project("{FAE04EC0-301F-11D3-BF4B-00C04F79EFBC}") = "IRCore.Web.MVC.5.2.0", "IRCore.Web.MVC.5.2.0\IRCore.Web.MVC.5.2.0.csproj", "{3836AFD9-D7B2-4864-85F2-2B5FCA2562D8}"
EndProject
Project("{FAE04EC0-301F-11D3-BF4B-00C04F79EFBC}") = "IRAPI.SDK", "IRAPI.SDK\IRAPI.SDK.csproj", "{A8ABD319-D271-470A-8EE4-E3D8CA5F79B3}"
EndProject
Project("{2150E333-8FDC-42A3-9474-1A3956D46DE8}") = ".nuget", ".nuget", "{4D20CF19-5B70-4D52-BB42-603F9F28BEEA}"
	ProjectSection(SolutionItems) = preProject
		.nuget\NuGet.Config = .nuget\NuGet.Config
		.nuget\NuGet.exe = .nuget\NuGet.exe
		.nuget\NuGet.targets = .nuget\NuGet.targets
	EndProjectSection
EndProject
Global
	GlobalSection(SolutionConfigurationPlatforms) = preSolution
		Debug|Any CPU = Debug|Any CPU
		Debug|x64 = Debug|x64
		Debug|x86 = Debug|x86
		Homolog|Any CPU = Homolog|Any CPU
		Homolog|x64 = Homolog|x64
		Homolog|x86 = Homolog|x86
		Producao|Any CPU = Producao|Any CPU
		Producao|x64 = Producao|x64
		Producao|x86 = Producao|x86
		production|Any CPU = production|Any CPU
		production|x64 = production|x64
		production|x86 = production|x86
		Release|Any CPU = Release|Any CPU
		Release|x64 = Release|x64
		Release|x86 = Release|x86
		staging|Any CPU = staging|Any CPU
		staging|x64 = staging|x64
		staging|x86 = staging|x86
	EndGlobalSection
	GlobalSection(ProjectConfigurationPlatforms) = postSolution
		{45A52F80-55A6-47B5-86B9-3330A2709457}.Debug|Any CPU.ActiveCfg = Debug|Any CPU
		{45A52F80-55A6-47B5-86B9-3330A2709457}.Debug|Any CPU.Build.0 = Debug|Any CPU
		{45A52F80-55A6-47B5-86B9-3330A2709457}.Debug|x64.ActiveCfg = Debug|Any CPU
		{45A52F80-55A6-47B5-86B9-3330A2709457}.Debug|x86.ActiveCfg = Debug|Any CPU
		{45A52F80-55A6-47B5-86B9-3330A2709457}.Debug|x86.Build.0 = Debug|Any CPU
		{45A52F80-55A6-47B5-86B9-3330A2709457}.Homolog|Any CPU.ActiveCfg = Homolog|Any CPU
		{45A52F80-55A6-47B5-86B9-3330A2709457}.Homolog|Any CPU.Build.0 = Homolog|Any CPU
		{45A52F80-55A6-47B5-86B9-3330A2709457}.Homolog|x64.ActiveCfg = Homolog|Any CPU
		{45A52F80-55A6-47B5-86B9-3330A2709457}.Homolog|x86.ActiveCfg = Homolog|x86
		{45A52F80-55A6-47B5-86B9-3330A2709457}.Homolog|x86.Build.0 = Homolog|x86
		{45A52F80-55A6-47B5-86B9-3330A2709457}.Producao|Any CPU.ActiveCfg = Producao|Any CPU
		{45A52F80-55A6-47B5-86B9-3330A2709457}.Producao|Any CPU.Build.0 = Producao|Any CPU
		{45A52F80-55A6-47B5-86B9-3330A2709457}.Producao|x64.ActiveCfg = Producao|Any CPU
		{45A52F80-55A6-47B5-86B9-3330A2709457}.Producao|x86.ActiveCfg = Producao|x86
		{45A52F80-55A6-47B5-86B9-3330A2709457}.Producao|x86.Build.0 = Producao|x86
		{45A52F80-55A6-47B5-86B9-3330A2709457}.production|Any CPU.ActiveCfg = Producao|Any CPU
		{45A52F80-55A6-47B5-86B9-3330A2709457}.production|Any CPU.Build.0 = Producao|Any CPU
		{45A52F80-55A6-47B5-86B9-3330A2709457}.production|x64.ActiveCfg = Producao|Any CPU
		{45A52F80-55A6-47B5-86B9-3330A2709457}.production|x86.ActiveCfg = Producao|x86
		{45A52F80-55A6-47B5-86B9-3330A2709457}.production|x86.Build.0 = Producao|x86
		{45A52F80-55A6-47B5-86B9-3330A2709457}.Release|Any CPU.ActiveCfg = Release|Any CPU
		{45A52F80-55A6-47B5-86B9-3330A2709457}.Release|Any CPU.Build.0 = Release|Any CPU
		{45A52F80-55A6-47B5-86B9-3330A2709457}.Release|x64.ActiveCfg = Release|Any CPU
		{45A52F80-55A6-47B5-86B9-3330A2709457}.Release|x86.ActiveCfg = Release|Any CPU
		{45A52F80-55A6-47B5-86B9-3330A2709457}.staging|Any CPU.ActiveCfg = Homolog|Any CPU
		{45A52F80-55A6-47B5-86B9-3330A2709457}.staging|Any CPU.Build.0 = Homolog|Any CPU
		{45A52F80-55A6-47B5-86B9-3330A2709457}.staging|x64.ActiveCfg = Homolog|Any CPU
		{45A52F80-55A6-47B5-86B9-3330A2709457}.staging|x86.ActiveCfg = Homolog|x86
		{45A52F80-55A6-47B5-86B9-3330A2709457}.staging|x86.Build.0 = Homolog|x86
		{39A8FD75-FC28-49A8-933A-3F735F96F137}.Debug|Any CPU.ActiveCfg = Debug|Any CPU
		{39A8FD75-FC28-49A8-933A-3F735F96F137}.Debug|Any CPU.Build.0 = Debug|Any CPU
		{39A8FD75-FC28-49A8-933A-3F735F96F137}.Debug|x64.ActiveCfg = Debug|Any CPU
		{39A8FD75-FC28-49A8-933A-3F735F96F137}.Debug|x86.ActiveCfg = Debug|Any CPU
		{39A8FD75-FC28-49A8-933A-3F735F96F137}.Debug|x86.Build.0 = Debug|Any CPU
		{39A8FD75-FC28-49A8-933A-3F735F96F137}.Homolog|Any CPU.ActiveCfg = Homolog|Any CPU
		{39A8FD75-FC28-49A8-933A-3F735F96F137}.Homolog|Any CPU.Build.0 = Homolog|Any CPU
		{39A8FD75-FC28-49A8-933A-3F735F96F137}.Homolog|x64.ActiveCfg = Homolog|Any CPU
		{39A8FD75-FC28-49A8-933A-3F735F96F137}.Homolog|x86.ActiveCfg = Homolog|x86
		{39A8FD75-FC28-49A8-933A-3F735F96F137}.Homolog|x86.Build.0 = Homolog|x86
		{39A8FD75-FC28-49A8-933A-3F735F96F137}.Producao|Any CPU.ActiveCfg = Producao|Any CPU
		{39A8FD75-FC28-49A8-933A-3F735F96F137}.Producao|Any CPU.Build.0 = Producao|Any CPU
		{39A8FD75-FC28-49A8-933A-3F735F96F137}.Producao|x64.ActiveCfg = Producao|Any CPU
		{39A8FD75-FC28-49A8-933A-3F735F96F137}.Producao|x86.ActiveCfg = Producao|x86
		{39A8FD75-FC28-49A8-933A-3F735F96F137}.Producao|x86.Build.0 = Producao|x86
		{39A8FD75-FC28-49A8-933A-3F735F96F137}.production|Any CPU.ActiveCfg = Producao|Any CPU
		{39A8FD75-FC28-49A8-933A-3F735F96F137}.production|Any CPU.Build.0 = Producao|Any CPU
		{39A8FD75-FC28-49A8-933A-3F735F96F137}.production|x64.ActiveCfg = Producao|Any CPU
		{39A8FD75-FC28-49A8-933A-3F735F96F137}.production|x86.ActiveCfg = Producao|x86
		{39A8FD75-FC28-49A8-933A-3F735F96F137}.production|x86.Build.0 = Producao|x86
		{39A8FD75-FC28-49A8-933A-3F735F96F137}.Release|Any CPU.ActiveCfg = Release|Any CPU
		{39A8FD75-FC28-49A8-933A-3F735F96F137}.Release|Any CPU.Build.0 = Release|Any CPU
		{39A8FD75-FC28-49A8-933A-3F735F96F137}.Release|x64.ActiveCfg = Release|Any CPU
		{39A8FD75-FC28-49A8-933A-3F735F96F137}.Release|x86.ActiveCfg = Release|Any CPU
		{39A8FD75-FC28-49A8-933A-3F735F96F137}.staging|Any CPU.ActiveCfg = Homolog|Any CPU
		{39A8FD75-FC28-49A8-933A-3F735F96F137}.staging|Any CPU.Build.0 = Homolog|Any CPU
		{39A8FD75-FC28-49A8-933A-3F735F96F137}.staging|x64.ActiveCfg = Homolog|Any CPU
		{39A8FD75-FC28-49A8-933A-3F735F96F137}.staging|x86.ActiveCfg = Homolog|x86
		{39A8FD75-FC28-49A8-933A-3F735F96F137}.staging|x86.Build.0 = Homolog|x86
		{98388FCF-F690-4576-B6CB-E054F4A72097}.Debug|Any CPU.ActiveCfg = Debug|Any CPU
		{98388FCF-F690-4576-B6CB-E054F4A72097}.Debug|Any CPU.Build.0 = Debug|Any CPU
		{98388FCF-F690-4576-B6CB-E054F4A72097}.Debug|x64.ActiveCfg = Debug|Any CPU
		{98388FCF-F690-4576-B6CB-E054F4A72097}.Debug|x86.ActiveCfg = Debug|Any CPU
		{98388FCF-F690-4576-B6CB-E054F4A72097}.Debug|x86.Build.0 = Debug|Any CPU
		{98388FCF-F690-4576-B6CB-E054F4A72097}.Homolog|Any CPU.ActiveCfg = Homolog|Any CPU
		{98388FCF-F690-4576-B6CB-E054F4A72097}.Homolog|Any CPU.Build.0 = Homolog|Any CPU
		{98388FCF-F690-4576-B6CB-E054F4A72097}.Homolog|x64.ActiveCfg = Homolog|Any CPU
		{98388FCF-F690-4576-B6CB-E054F4A72097}.Homolog|x86.ActiveCfg = Homolog|x86
		{98388FCF-F690-4576-B6CB-E054F4A72097}.Homolog|x86.Build.0 = Homolog|x86
		{98388FCF-F690-4576-B6CB-E054F4A72097}.Producao|Any CPU.ActiveCfg = Producao|Any CPU
		{98388FCF-F690-4576-B6CB-E054F4A72097}.Producao|Any CPU.Build.0 = Producao|Any CPU
		{98388FCF-F690-4576-B6CB-E054F4A72097}.Producao|x64.ActiveCfg = Producao|Any CPU
		{98388FCF-F690-4576-B6CB-E054F4A72097}.Producao|x86.ActiveCfg = Producao|x86
		{98388FCF-F690-4576-B6CB-E054F4A72097}.Producao|x86.Build.0 = Producao|x86
		{98388FCF-F690-4576-B6CB-E054F4A72097}.production|Any CPU.ActiveCfg = Producao|Any CPU
		{98388FCF-F690-4576-B6CB-E054F4A72097}.production|Any CPU.Build.0 = Producao|Any CPU
		{98388FCF-F690-4576-B6CB-E054F4A72097}.production|x64.ActiveCfg = Producao|Any CPU
		{98388FCF-F690-4576-B6CB-E054F4A72097}.production|x86.ActiveCfg = Producao|x86
		{98388FCF-F690-4576-B6CB-E054F4A72097}.production|x86.Build.0 = Producao|x86
		{98388FCF-F690-4576-B6CB-E054F4A72097}.Release|Any CPU.ActiveCfg = Release|Any CPU
		{98388FCF-F690-4576-B6CB-E054F4A72097}.Release|Any CPU.Build.0 = Release|Any CPU
		{98388FCF-F690-4576-B6CB-E054F4A72097}.Release|x64.ActiveCfg = Release|Any CPU
		{98388FCF-F690-4576-B6CB-E054F4A72097}.Release|x86.ActiveCfg = Release|Any CPU
		{98388FCF-F690-4576-B6CB-E054F4A72097}.staging|Any CPU.ActiveCfg = Homolog|Any CPU
		{98388FCF-F690-4576-B6CB-E054F4A72097}.staging|Any CPU.Build.0 = Homolog|Any CPU
		{98388FCF-F690-4576-B6CB-E054F4A72097}.staging|x64.ActiveCfg = Homolog|Any CPU
		{98388FCF-F690-4576-B6CB-E054F4A72097}.staging|x86.ActiveCfg = Homolog|x86
		{98388FCF-F690-4576-B6CB-E054F4A72097}.staging|x86.Build.0 = Homolog|x86
		{D099B23D-6352-4336-BAE8-1A5C97F515D9}.Debug|Any CPU.ActiveCfg = Debug|Any CPU
		{D099B23D-6352-4336-BAE8-1A5C97F515D9}.Debug|Any CPU.Build.0 = Debug|Any CPU
		{D099B23D-6352-4336-BAE8-1A5C97F515D9}.Debug|x64.ActiveCfg = Debug|Any CPU
		{D099B23D-6352-4336-BAE8-1A5C97F515D9}.Debug|x86.ActiveCfg = Debug|Any CPU
		{D099B23D-6352-4336-BAE8-1A5C97F515D9}.Debug|x86.Build.0 = Debug|Any CPU
		{D099B23D-6352-4336-BAE8-1A5C97F515D9}.Homolog|Any CPU.ActiveCfg = Homolog|Any CPU
		{D099B23D-6352-4336-BAE8-1A5C97F515D9}.Homolog|Any CPU.Build.0 = Homolog|Any CPU
		{D099B23D-6352-4336-BAE8-1A5C97F515D9}.Homolog|x64.ActiveCfg = Homolog|Any CPU
		{D099B23D-6352-4336-BAE8-1A5C97F515D9}.Homolog|x86.ActiveCfg = Homolog|x86
		{D099B23D-6352-4336-BAE8-1A5C97F515D9}.Homolog|x86.Build.0 = Homolog|x86
		{D099B23D-6352-4336-BAE8-1A5C97F515D9}.Producao|Any CPU.ActiveCfg = Producao|Any CPU
		{D099B23D-6352-4336-BAE8-1A5C97F515D9}.Producao|Any CPU.Build.0 = Producao|Any CPU
		{D099B23D-6352-4336-BAE8-1A5C97F515D9}.Producao|x64.ActiveCfg = Producao|Any CPU
		{D099B23D-6352-4336-BAE8-1A5C97F515D9}.Producao|x86.ActiveCfg = Producao|x86
		{D099B23D-6352-4336-BAE8-1A5C97F515D9}.Producao|x86.Build.0 = Producao|x86
		{D099B23D-6352-4336-BAE8-1A5C97F515D9}.production|Any CPU.ActiveCfg = Producao|Any CPU
		{D099B23D-6352-4336-BAE8-1A5C97F515D9}.production|Any CPU.Build.0 = Producao|Any CPU
		{D099B23D-6352-4336-BAE8-1A5C97F515D9}.production|x64.ActiveCfg = Producao|Any CPU
		{D099B23D-6352-4336-BAE8-1A5C97F515D9}.production|x86.ActiveCfg = Producao|x86
		{D099B23D-6352-4336-BAE8-1A5C97F515D9}.production|x86.Build.0 = Producao|x86
		{D099B23D-6352-4336-BAE8-1A5C97F515D9}.Release|Any CPU.ActiveCfg = Release|Any CPU
		{D099B23D-6352-4336-BAE8-1A5C97F515D9}.Release|Any CPU.Build.0 = Release|Any CPU
		{D099B23D-6352-4336-BAE8-1A5C97F515D9}.Release|x64.ActiveCfg = Release|Any CPU
		{D099B23D-6352-4336-BAE8-1A5C97F515D9}.Release|x86.ActiveCfg = Release|Any CPU
		{D099B23D-6352-4336-BAE8-1A5C97F515D9}.staging|Any CPU.ActiveCfg = Homolog|Any CPU
		{D099B23D-6352-4336-BAE8-1A5C97F515D9}.staging|Any CPU.Build.0 = Homolog|Any CPU
		{D099B23D-6352-4336-BAE8-1A5C97F515D9}.staging|x64.ActiveCfg = Homolog|Any CPU
		{D099B23D-6352-4336-BAE8-1A5C97F515D9}.staging|x86.ActiveCfg = Homolog|x86
		{D099B23D-6352-4336-BAE8-1A5C97F515D9}.staging|x86.Build.0 = Homolog|x86
		{4BDD369C-E089-4BFD-BA8C-C0EAAAC086A0}.Debug|Any CPU.ActiveCfg = Debug|Any CPU
		{4BDD369C-E089-4BFD-BA8C-C0EAAAC086A0}.Debug|Any CPU.Build.0 = Debug|Any CPU
		{4BDD369C-E089-4BFD-BA8C-C0EAAAC086A0}.Debug|x64.ActiveCfg = Debug|Any CPU
		{4BDD369C-E089-4BFD-BA8C-C0EAAAC086A0}.Debug|x86.ActiveCfg = Debug|Any CPU
		{4BDD369C-E089-4BFD-BA8C-C0EAAAC086A0}.Debug|x86.Build.0 = Debug|Any CPU
		{4BDD369C-E089-4BFD-BA8C-C0EAAAC086A0}.Homolog|Any CPU.ActiveCfg = Homolog|Any CPU
		{4BDD369C-E089-4BFD-BA8C-C0EAAAC086A0}.Homolog|Any CPU.Build.0 = Homolog|Any CPU
		{4BDD369C-E089-4BFD-BA8C-C0EAAAC086A0}.Homolog|x64.ActiveCfg = Homolog|Any CPU
		{4BDD369C-E089-4BFD-BA8C-C0EAAAC086A0}.Homolog|x86.ActiveCfg = Homolog|x86
		{4BDD369C-E089-4BFD-BA8C-C0EAAAC086A0}.Homolog|x86.Build.0 = Homolog|x86
		{4BDD369C-E089-4BFD-BA8C-C0EAAAC086A0}.Producao|Any CPU.ActiveCfg = Producao|Any CPU
		{4BDD369C-E089-4BFD-BA8C-C0EAAAC086A0}.Producao|Any CPU.Build.0 = Producao|Any CPU
		{4BDD369C-E089-4BFD-BA8C-C0EAAAC086A0}.Producao|x64.ActiveCfg = Producao|Any CPU
		{4BDD369C-E089-4BFD-BA8C-C0EAAAC086A0}.Producao|x86.ActiveCfg = Producao|x86
		{4BDD369C-E089-4BFD-BA8C-C0EAAAC086A0}.Producao|x86.Build.0 = Producao|x86
		{4BDD369C-E089-4BFD-BA8C-C0EAAAC086A0}.production|Any CPU.ActiveCfg = Producao|Any CPU
		{4BDD369C-E089-4BFD-BA8C-C0EAAAC086A0}.production|Any CPU.Build.0 = Producao|Any CPU
		{4BDD369C-E089-4BFD-BA8C-C0EAAAC086A0}.production|x64.ActiveCfg = Producao|Any CPU
		{4BDD369C-E089-4BFD-BA8C-C0EAAAC086A0}.production|x86.ActiveCfg = Producao|x86
		{4BDD369C-E089-4BFD-BA8C-C0EAAAC086A0}.production|x86.Build.0 = Producao|x86
		{4BDD369C-E089-4BFD-BA8C-C0EAAAC086A0}.Release|Any CPU.ActiveCfg = Release|Any CPU
		{4BDD369C-E089-4BFD-BA8C-C0EAAAC086A0}.Release|Any CPU.Build.0 = Release|Any CPU
		{4BDD369C-E089-4BFD-BA8C-C0EAAAC086A0}.Release|x64.ActiveCfg = Release|Any CPU
		{4BDD369C-E089-4BFD-BA8C-C0EAAAC086A0}.Release|x86.ActiveCfg = Release|Any CPU
		{4BDD369C-E089-4BFD-BA8C-C0EAAAC086A0}.staging|Any CPU.ActiveCfg = Homolog|Any CPU
		{4BDD369C-E089-4BFD-BA8C-C0EAAAC086A0}.staging|Any CPU.Build.0 = Homolog|Any CPU
		{4BDD369C-E089-4BFD-BA8C-C0EAAAC086A0}.staging|x64.ActiveCfg = Homolog|Any CPU
		{4BDD369C-E089-4BFD-BA8C-C0EAAAC086A0}.staging|x86.ActiveCfg = Homolog|x86
		{4BDD369C-E089-4BFD-BA8C-C0EAAAC086A0}.staging|x86.Build.0 = Homolog|x86
		{6A046605-146B-4DC3-8270-8593FBA71EB6}.Debug|Any CPU.ActiveCfg = Debug|Any CPU
		{6A046605-146B-4DC3-8270-8593FBA71EB6}.Debug|Any CPU.Build.0 = Debug|Any CPU
		{6A046605-146B-4DC3-8270-8593FBA71EB6}.Debug|x64.ActiveCfg = Debug|Any CPU
		{6A046605-146B-4DC3-8270-8593FBA71EB6}.Debug|x86.ActiveCfg = Debug|x86
		{6A046605-146B-4DC3-8270-8593FBA71EB6}.Debug|x86.Build.0 = Debug|x86
		{6A046605-146B-4DC3-8270-8593FBA71EB6}.Homolog|Any CPU.ActiveCfg = Homolog|Any CPU
		{6A046605-146B-4DC3-8270-8593FBA71EB6}.Homolog|Any CPU.Build.0 = Homolog|Any CPU
		{6A046605-146B-4DC3-8270-8593FBA71EB6}.Homolog|x64.ActiveCfg = Homolog|Any CPU
		{6A046605-146B-4DC3-8270-8593FBA71EB6}.Homolog|x86.ActiveCfg = Homolog|x86
		{6A046605-146B-4DC3-8270-8593FBA71EB6}.Homolog|x86.Build.0 = Homolog|x86
		{6A046605-146B-4DC3-8270-8593FBA71EB6}.Producao|Any CPU.ActiveCfg = Producao|Any CPU
		{6A046605-146B-4DC3-8270-8593FBA71EB6}.Producao|Any CPU.Build.0 = Producao|Any CPU
		{6A046605-146B-4DC3-8270-8593FBA71EB6}.Producao|x64.ActiveCfg = Producao|Any CPU
		{6A046605-146B-4DC3-8270-8593FBA71EB6}.Producao|x86.ActiveCfg = Producao|x86
		{6A046605-146B-4DC3-8270-8593FBA71EB6}.Producao|x86.Build.0 = Producao|x86
		{6A046605-146B-4DC3-8270-8593FBA71EB6}.production|Any CPU.ActiveCfg = Producao|Any CPU
		{6A046605-146B-4DC3-8270-8593FBA71EB6}.production|Any CPU.Build.0 = Producao|Any CPU
		{6A046605-146B-4DC3-8270-8593FBA71EB6}.production|x64.ActiveCfg = Producao|Any CPU
		{6A046605-146B-4DC3-8270-8593FBA71EB6}.production|x86.ActiveCfg = Producao|x86
		{6A046605-146B-4DC3-8270-8593FBA71EB6}.production|x86.Build.0 = Producao|x86
		{6A046605-146B-4DC3-8270-8593FBA71EB6}.Release|Any CPU.ActiveCfg = Release|Any CPU
		{6A046605-146B-4DC3-8270-8593FBA71EB6}.Release|Any CPU.Build.0 = Release|Any CPU
		{6A046605-146B-4DC3-8270-8593FBA71EB6}.Release|x64.ActiveCfg = Release|Any CPU
		{6A046605-146B-4DC3-8270-8593FBA71EB6}.Release|x86.ActiveCfg = Release|x86
		{6A046605-146B-4DC3-8270-8593FBA71EB6}.Release|x86.Build.0 = Release|x86
		{6A046605-146B-4DC3-8270-8593FBA71EB6}.staging|Any CPU.ActiveCfg = Homolog|Any CPU
		{6A046605-146B-4DC3-8270-8593FBA71EB6}.staging|Any CPU.Build.0 = Homolog|Any CPU
		{6A046605-146B-4DC3-8270-8593FBA71EB6}.staging|x64.ActiveCfg = Homolog|Any CPU
		{6A046605-146B-4DC3-8270-8593FBA71EB6}.staging|x86.ActiveCfg = Homolog|x86
		{6A046605-146B-4DC3-8270-8593FBA71EB6}.staging|x86.Build.0 = Homolog|x86
		{D6C8573F-35C1-4D4F-B361-E917C52B361D}.Debug|Any CPU.ActiveCfg = Debug|Any CPU
		{D6C8573F-35C1-4D4F-B361-E917C52B361D}.Debug|Any CPU.Build.0 = Debug|Any CPU
		{D6C8573F-35C1-4D4F-B361-E917C52B361D}.Debug|x64.ActiveCfg = Debug|Any CPU
		{D6C8573F-35C1-4D4F-B361-E917C52B361D}.Debug|x86.ActiveCfg = Debug|x86
		{D6C8573F-35C1-4D4F-B361-E917C52B361D}.Debug|x86.Build.0 = Debug|x86
		{D6C8573F-35C1-4D4F-B361-E917C52B361D}.Homolog|Any CPU.ActiveCfg = Homolog|Any CPU
		{D6C8573F-35C1-4D4F-B361-E917C52B361D}.Homolog|Any CPU.Build.0 = Homolog|Any CPU
		{D6C8573F-35C1-4D4F-B361-E917C52B361D}.Homolog|x64.ActiveCfg = Homolog|Any CPU
		{D6C8573F-35C1-4D4F-B361-E917C52B361D}.Homolog|x86.ActiveCfg = Homolog|x86
		{D6C8573F-35C1-4D4F-B361-E917C52B361D}.Homolog|x86.Build.0 = Homolog|x86
		{D6C8573F-35C1-4D4F-B361-E917C52B361D}.Producao|Any CPU.ActiveCfg = Producao|Any CPU
		{D6C8573F-35C1-4D4F-B361-E917C52B361D}.Producao|Any CPU.Build.0 = Producao|Any CPU
		{D6C8573F-35C1-4D4F-B361-E917C52B361D}.Producao|x64.ActiveCfg = Producao|Any CPU
		{D6C8573F-35C1-4D4F-B361-E917C52B361D}.Producao|x86.ActiveCfg = Producao|x86
		{D6C8573F-35C1-4D4F-B361-E917C52B361D}.Producao|x86.Build.0 = Producao|x86
		{D6C8573F-35C1-4D4F-B361-E917C52B361D}.production|Any CPU.ActiveCfg = Producao|Any CPU
		{D6C8573F-35C1-4D4F-B361-E917C52B361D}.production|Any CPU.Build.0 = Producao|Any CPU
		{D6C8573F-35C1-4D4F-B361-E917C52B361D}.production|x64.ActiveCfg = Producao|Any CPU
		{D6C8573F-35C1-4D4F-B361-E917C52B361D}.production|x86.ActiveCfg = Producao|x86
		{D6C8573F-35C1-4D4F-B361-E917C52B361D}.production|x86.Build.0 = Producao|x86
		{D6C8573F-35C1-4D4F-B361-E917C52B361D}.Release|Any CPU.ActiveCfg = Release|Any CPU
		{D6C8573F-35C1-4D4F-B361-E917C52B361D}.Release|Any CPU.Build.0 = Release|Any CPU
		{D6C8573F-35C1-4D4F-B361-E917C52B361D}.Release|x64.ActiveCfg = Release|Any CPU
		{D6C8573F-35C1-4D4F-B361-E917C52B361D}.Release|x86.ActiveCfg = Release|x86
		{D6C8573F-35C1-4D4F-B361-E917C52B361D}.Release|x86.Build.0 = Release|x86
		{D6C8573F-35C1-4D4F-B361-E917C52B361D}.staging|Any CPU.ActiveCfg = Homolog|Any CPU
		{D6C8573F-35C1-4D4F-B361-E917C52B361D}.staging|Any CPU.Build.0 = Homolog|Any CPU
		{D6C8573F-35C1-4D4F-B361-E917C52B361D}.staging|x64.ActiveCfg = Homolog|Any CPU
		{D6C8573F-35C1-4D4F-B361-E917C52B361D}.staging|x86.ActiveCfg = Homolog|x86
		{D6C8573F-35C1-4D4F-B361-E917C52B361D}.staging|x86.Build.0 = Homolog|x86
		{C69042FC-BB1B-4C28-9B3B-3CA5F9F0F7FF}.Debug|Any CPU.ActiveCfg = Debug|Any CPU
		{C69042FC-BB1B-4C28-9B3B-3CA5F9F0F7FF}.Debug|Any CPU.Build.0 = Debug|Any CPU
		{C69042FC-BB1B-4C28-9B3B-3CA5F9F0F7FF}.Debug|x64.ActiveCfg = Debug|x64
		{C69042FC-BB1B-4C28-9B3B-3CA5F9F0F7FF}.Debug|x64.Build.0 = Debug|x64
		{C69042FC-BB1B-4C28-9B3B-3CA5F9F0F7FF}.Debug|x86.ActiveCfg = Debug|x86
		{C69042FC-BB1B-4C28-9B3B-3CA5F9F0F7FF}.Debug|x86.Build.0 = Debug|x86
		{C69042FC-BB1B-4C28-9B3B-3CA5F9F0F7FF}.Homolog|Any CPU.ActiveCfg = Homolog|Any CPU
		{C69042FC-BB1B-4C28-9B3B-3CA5F9F0F7FF}.Homolog|Any CPU.Build.0 = Homolog|Any CPU
		{C69042FC-BB1B-4C28-9B3B-3CA5F9F0F7FF}.Homolog|x64.ActiveCfg = Homolog|x64
		{C69042FC-BB1B-4C28-9B3B-3CA5F9F0F7FF}.Homolog|x64.Build.0 = Homolog|x64
		{C69042FC-BB1B-4C28-9B3B-3CA5F9F0F7FF}.Homolog|x86.ActiveCfg = Homolog|x86
		{C69042FC-BB1B-4C28-9B3B-3CA5F9F0F7FF}.Homolog|x86.Build.0 = Homolog|x86
		{C69042FC-BB1B-4C28-9B3B-3CA5F9F0F7FF}.Producao|Any CPU.ActiveCfg = Producao|Any CPU
		{C69042FC-BB1B-4C28-9B3B-3CA5F9F0F7FF}.Producao|Any CPU.Build.0 = Producao|Any CPU
		{C69042FC-BB1B-4C28-9B3B-3CA5F9F0F7FF}.Producao|x64.ActiveCfg = Producao|x64
		{C69042FC-BB1B-4C28-9B3B-3CA5F9F0F7FF}.Producao|x64.Build.0 = Producao|x64
		{C69042FC-BB1B-4C28-9B3B-3CA5F9F0F7FF}.Producao|x86.ActiveCfg = Producao|x86
		{C69042FC-BB1B-4C28-9B3B-3CA5F9F0F7FF}.Producao|x86.Build.0 = Producao|x86
		{C69042FC-BB1B-4C28-9B3B-3CA5F9F0F7FF}.production|Any CPU.ActiveCfg = Producao|Any CPU
		{C69042FC-BB1B-4C28-9B3B-3CA5F9F0F7FF}.production|Any CPU.Build.0 = Producao|Any CPU
		{C69042FC-BB1B-4C28-9B3B-3CA5F9F0F7FF}.production|x64.ActiveCfg = Producao|x64
		{C69042FC-BB1B-4C28-9B3B-3CA5F9F0F7FF}.production|x64.Build.0 = Producao|x64
		{C69042FC-BB1B-4C28-9B3B-3CA5F9F0F7FF}.production|x86.ActiveCfg = Producao|x86
		{C69042FC-BB1B-4C28-9B3B-3CA5F9F0F7FF}.production|x86.Build.0 = Producao|x86
		{C69042FC-BB1B-4C28-9B3B-3CA5F9F0F7FF}.Release|Any CPU.ActiveCfg = Release|Any CPU
		{C69042FC-BB1B-4C28-9B3B-3CA5F9F0F7FF}.Release|Any CPU.Build.0 = Release|Any CPU
		{C69042FC-BB1B-4C28-9B3B-3CA5F9F0F7FF}.Release|x64.ActiveCfg = Release|x64
		{C69042FC-BB1B-4C28-9B3B-3CA5F9F0F7FF}.Release|x64.Build.0 = Release|x64
		{C69042FC-BB1B-4C28-9B3B-3CA5F9F0F7FF}.Release|x86.ActiveCfg = Release|x86
		{C69042FC-BB1B-4C28-9B3B-3CA5F9F0F7FF}.Release|x86.Build.0 = Release|x86
		{C69042FC-BB1B-4C28-9B3B-3CA5F9F0F7FF}.staging|Any CPU.ActiveCfg = Homolog|Any CPU
		{C69042FC-BB1B-4C28-9B3B-3CA5F9F0F7FF}.staging|Any CPU.Build.0 = Homolog|Any CPU
		{C69042FC-BB1B-4C28-9B3B-3CA5F9F0F7FF}.staging|x64.ActiveCfg = Homolog|x64
		{C69042FC-BB1B-4C28-9B3B-3CA5F9F0F7FF}.staging|x64.Build.0 = Homolog|x64
		{C69042FC-BB1B-4C28-9B3B-3CA5F9F0F7FF}.staging|x86.ActiveCfg = Homolog|x86
		{C69042FC-BB1B-4C28-9B3B-3CA5F9F0F7FF}.staging|x86.Build.0 = Homolog|x86
		{FB55591A-4C02-45E5-BCD5-D21C23EE1046}.Debug|Any CPU.ActiveCfg = Debug|Any CPU
		{FB55591A-4C02-45E5-BCD5-D21C23EE1046}.Debug|Any CPU.Build.0 = Debug|Any CPU
		{FB55591A-4C02-45E5-BCD5-D21C23EE1046}.Debug|x64.ActiveCfg = Debug|Any CPU
		{FB55591A-4C02-45E5-BCD5-D21C23EE1046}.Debug|x86.ActiveCfg = Debug|Any CPU
		{FB55591A-4C02-45E5-BCD5-D21C23EE1046}.Debug|x86.Build.0 = Debug|Any CPU
		{FB55591A-4C02-45E5-BCD5-D21C23EE1046}.Homolog|Any CPU.ActiveCfg = Homolog|Any CPU
		{FB55591A-4C02-45E5-BCD5-D21C23EE1046}.Homolog|Any CPU.Build.0 = Homolog|Any CPU
		{FB55591A-4C02-45E5-BCD5-D21C23EE1046}.Homolog|x64.ActiveCfg = Homolog|Any CPU
		{FB55591A-4C02-45E5-BCD5-D21C23EE1046}.Homolog|x86.ActiveCfg = Homolog|Any CPU
		{FB55591A-4C02-45E5-BCD5-D21C23EE1046}.Producao|Any CPU.ActiveCfg = Producao|Any CPU
		{FB55591A-4C02-45E5-BCD5-D21C23EE1046}.Producao|Any CPU.Build.0 = Producao|Any CPU
		{FB55591A-4C02-45E5-BCD5-D21C23EE1046}.Producao|x64.ActiveCfg = Producao|Any CPU
		{FB55591A-4C02-45E5-BCD5-D21C23EE1046}.Producao|x86.ActiveCfg = Producao|Any CPU
		{FB55591A-4C02-45E5-BCD5-D21C23EE1046}.production|Any CPU.ActiveCfg = Producao|Any CPU
		{FB55591A-4C02-45E5-BCD5-D21C23EE1046}.production|Any CPU.Build.0 = Producao|Any CPU
		{FB55591A-4C02-45E5-BCD5-D21C23EE1046}.production|x64.ActiveCfg = Producao|Any CPU
		{FB55591A-4C02-45E5-BCD5-D21C23EE1046}.production|x86.ActiveCfg = Producao|Any CPU
		{FB55591A-4C02-45E5-BCD5-D21C23EE1046}.Release|Any CPU.ActiveCfg = Release|Any CPU
		{FB55591A-4C02-45E5-BCD5-D21C23EE1046}.Release|Any CPU.Build.0 = Release|Any CPU
		{FB55591A-4C02-45E5-BCD5-D21C23EE1046}.Release|x64.ActiveCfg = Release|Any CPU
		{FB55591A-4C02-45E5-BCD5-D21C23EE1046}.Release|x86.ActiveCfg = Release|Any CPU
		{FB55591A-4C02-45E5-BCD5-D21C23EE1046}.staging|Any CPU.ActiveCfg = Homolog|Any CPU
		{FB55591A-4C02-45E5-BCD5-D21C23EE1046}.staging|Any CPU.Build.0 = Homolog|Any CPU
		{FB55591A-4C02-45E5-BCD5-D21C23EE1046}.staging|x64.ActiveCfg = Homolog|Any CPU
		{FB55591A-4C02-45E5-BCD5-D21C23EE1046}.staging|x86.ActiveCfg = Homolog|Any CPU
		{99FE1E17-B511-439A-AEA0-1AC133739F35}.Debug|Any CPU.ActiveCfg = Debug|Any CPU
		{99FE1E17-B511-439A-AEA0-1AC133739F35}.Debug|Any CPU.Build.0 = Debug|Any CPU
		{99FE1E17-B511-439A-AEA0-1AC133739F35}.Debug|x64.ActiveCfg = Debug|Any CPU
		{99FE1E17-B511-439A-AEA0-1AC133739F35}.Debug|x86.ActiveCfg = Debug|Any CPU
		{99FE1E17-B511-439A-AEA0-1AC133739F35}.Debug|x86.Build.0 = Debug|Any CPU
		{99FE1E17-B511-439A-AEA0-1AC133739F35}.Homolog|Any CPU.ActiveCfg = Homolog|Any CPU
		{99FE1E17-B511-439A-AEA0-1AC133739F35}.Homolog|Any CPU.Build.0 = Homolog|Any CPU
		{99FE1E17-B511-439A-AEA0-1AC133739F35}.Homolog|x64.ActiveCfg = Homolog|Any CPU
		{99FE1E17-B511-439A-AEA0-1AC133739F35}.Homolog|x86.ActiveCfg = Homolog|Any CPU
		{99FE1E17-B511-439A-AEA0-1AC133739F35}.Producao|Any CPU.ActiveCfg = Producao|Any CPU
		{99FE1E17-B511-439A-AEA0-1AC133739F35}.Producao|Any CPU.Build.0 = Producao|Any CPU
		{99FE1E17-B511-439A-AEA0-1AC133739F35}.Producao|x64.ActiveCfg = Producao|Any CPU
		{99FE1E17-B511-439A-AEA0-1AC133739F35}.Producao|x86.ActiveCfg = Producao|Any CPU
		{99FE1E17-B511-439A-AEA0-1AC133739F35}.production|Any CPU.ActiveCfg = Producao|Any CPU
		{99FE1E17-B511-439A-AEA0-1AC133739F35}.production|Any CPU.Build.0 = Producao|Any CPU
		{99FE1E17-B511-439A-AEA0-1AC133739F35}.production|x64.ActiveCfg = Producao|Any CPU
		{99FE1E17-B511-439A-AEA0-1AC133739F35}.production|x86.ActiveCfg = Producao|Any CPU
		{99FE1E17-B511-439A-AEA0-1AC133739F35}.Release|Any CPU.ActiveCfg = Release|Any CPU
		{99FE1E17-B511-439A-AEA0-1AC133739F35}.Release|Any CPU.Build.0 = Release|Any CPU
		{99FE1E17-B511-439A-AEA0-1AC133739F35}.Release|x64.ActiveCfg = Release|Any CPU
		{99FE1E17-B511-439A-AEA0-1AC133739F35}.Release|x86.ActiveCfg = Release|Any CPU
		{99FE1E17-B511-439A-AEA0-1AC133739F35}.staging|Any CPU.ActiveCfg = Homolog|Any CPU
		{99FE1E17-B511-439A-AEA0-1AC133739F35}.staging|Any CPU.Build.0 = Homolog|Any CPU
		{99FE1E17-B511-439A-AEA0-1AC133739F35}.staging|x64.ActiveCfg = Homolog|Any CPU
		{99FE1E17-B511-439A-AEA0-1AC133739F35}.staging|x86.ActiveCfg = Homolog|Any CPU
		{53723C07-EE79-4B98-BE2A-AA3A67237E7F}.Debug|Any CPU.ActiveCfg = Debug|Any CPU
		{53723C07-EE79-4B98-BE2A-AA3A67237E7F}.Debug|Any CPU.Build.0 = Debug|Any CPU
		{53723C07-EE79-4B98-BE2A-AA3A67237E7F}.Debug|x64.ActiveCfg = Debug|Any CPU
		{53723C07-EE79-4B98-BE2A-AA3A67237E7F}.Debug|x86.ActiveCfg = Debug|Any CPU
		{53723C07-EE79-4B98-BE2A-AA3A67237E7F}.Debug|x86.Build.0 = Debug|Any CPU
		{53723C07-EE79-4B98-BE2A-AA3A67237E7F}.Homolog|Any CPU.ActiveCfg = Homolog|Any CPU
		{53723C07-EE79-4B98-BE2A-AA3A67237E7F}.Homolog|Any CPU.Build.0 = Homolog|Any CPU
		{53723C07-EE79-4B98-BE2A-AA3A67237E7F}.Homolog|x64.ActiveCfg = Homolog|Any CPU
		{53723C07-EE79-4B98-BE2A-AA3A67237E7F}.Homolog|x86.ActiveCfg = Homolog|Any CPU
		{53723C07-EE79-4B98-BE2A-AA3A67237E7F}.Producao|Any CPU.ActiveCfg = Producao|Any CPU
		{53723C07-EE79-4B98-BE2A-AA3A67237E7F}.Producao|Any CPU.Build.0 = Producao|Any CPU
		{53723C07-EE79-4B98-BE2A-AA3A67237E7F}.Producao|x64.ActiveCfg = Producao|Any CPU
		{53723C07-EE79-4B98-BE2A-AA3A67237E7F}.Producao|x86.ActiveCfg = Producao|Any CPU
		{53723C07-EE79-4B98-BE2A-AA3A67237E7F}.production|Any CPU.ActiveCfg = Producao|Any CPU
		{53723C07-EE79-4B98-BE2A-AA3A67237E7F}.production|Any CPU.Build.0 = Producao|Any CPU
		{53723C07-EE79-4B98-BE2A-AA3A67237E7F}.production|x64.ActiveCfg = Producao|Any CPU
		{53723C07-EE79-4B98-BE2A-AA3A67237E7F}.production|x86.ActiveCfg = Producao|Any CPU
		{53723C07-EE79-4B98-BE2A-AA3A67237E7F}.Release|Any CPU.ActiveCfg = Release|Any CPU
		{53723C07-EE79-4B98-BE2A-AA3A67237E7F}.Release|Any CPU.Build.0 = Release|Any CPU
		{53723C07-EE79-4B98-BE2A-AA3A67237E7F}.Release|x64.ActiveCfg = Release|Any CPU
		{53723C07-EE79-4B98-BE2A-AA3A67237E7F}.Release|x86.ActiveCfg = Release|Any CPU
		{53723C07-EE79-4B98-BE2A-AA3A67237E7F}.staging|Any CPU.ActiveCfg = Homolog|Any CPU
		{53723C07-EE79-4B98-BE2A-AA3A67237E7F}.staging|Any CPU.Build.0 = Homolog|Any CPU
		{53723C07-EE79-4B98-BE2A-AA3A67237E7F}.staging|x64.ActiveCfg = Homolog|Any CPU
		{53723C07-EE79-4B98-BE2A-AA3A67237E7F}.staging|x86.ActiveCfg = Homolog|Any CPU
		{6705F19E-E8B4-4FA5-8A61-1FFE73FD1C7F}.Debug|Any CPU.ActiveCfg = Debug|Any CPU
		{6705F19E-E8B4-4FA5-8A61-1FFE73FD1C7F}.Debug|Any CPU.Build.0 = Debug|Any CPU
		{6705F19E-E8B4-4FA5-8A61-1FFE73FD1C7F}.Debug|x64.ActiveCfg = Debug|Any CPU
		{6705F19E-E8B4-4FA5-8A61-1FFE73FD1C7F}.Debug|x86.ActiveCfg = Debug|Any CPU
		{6705F19E-E8B4-4FA5-8A61-1FFE73FD1C7F}.Debug|x86.Build.0 = Debug|Any CPU
		{6705F19E-E8B4-4FA5-8A61-1FFE73FD1C7F}.Homolog|Any CPU.ActiveCfg = Homolog|Any CPU
		{6705F19E-E8B4-4FA5-8A61-1FFE73FD1C7F}.Homolog|Any CPU.Build.0 = Homolog|Any CPU
		{6705F19E-E8B4-4FA5-8A61-1FFE73FD1C7F}.Homolog|x64.ActiveCfg = Homolog|Any CPU
		{6705F19E-E8B4-4FA5-8A61-1FFE73FD1C7F}.Homolog|x86.ActiveCfg = Homolog|Any CPU
		{6705F19E-E8B4-4FA5-8A61-1FFE73FD1C7F}.Producao|Any CPU.ActiveCfg = Producao|Any CPU
		{6705F19E-E8B4-4FA5-8A61-1FFE73FD1C7F}.Producao|Any CPU.Build.0 = Producao|Any CPU
		{6705F19E-E8B4-4FA5-8A61-1FFE73FD1C7F}.Producao|x64.ActiveCfg = Producao|Any CPU
		{6705F19E-E8B4-4FA5-8A61-1FFE73FD1C7F}.Producao|x86.ActiveCfg = Producao|Any CPU
		{6705F19E-E8B4-4FA5-8A61-1FFE73FD1C7F}.production|Any CPU.ActiveCfg = Producao|Any CPU
		{6705F19E-E8B4-4FA5-8A61-1FFE73FD1C7F}.production|Any CPU.Build.0 = Producao|Any CPU
		{6705F19E-E8B4-4FA5-8A61-1FFE73FD1C7F}.production|x64.ActiveCfg = Producao|Any CPU
		{6705F19E-E8B4-4FA5-8A61-1FFE73FD1C7F}.production|x86.ActiveCfg = Producao|Any CPU
		{6705F19E-E8B4-4FA5-8A61-1FFE73FD1C7F}.Release|Any CPU.ActiveCfg = Release|Any CPU
		{6705F19E-E8B4-4FA5-8A61-1FFE73FD1C7F}.Release|Any CPU.Build.0 = Release|Any CPU
		{6705F19E-E8B4-4FA5-8A61-1FFE73FD1C7F}.Release|x64.ActiveCfg = Release|Any CPU
		{6705F19E-E8B4-4FA5-8A61-1FFE73FD1C7F}.Release|x86.ActiveCfg = Release|Any CPU
		{6705F19E-E8B4-4FA5-8A61-1FFE73FD1C7F}.staging|Any CPU.ActiveCfg = Homolog|Any CPU
		{6705F19E-E8B4-4FA5-8A61-1FFE73FD1C7F}.staging|Any CPU.Build.0 = Homolog|Any CPU
		{6705F19E-E8B4-4FA5-8A61-1FFE73FD1C7F}.staging|x64.ActiveCfg = Homolog|Any CPU
		{6705F19E-E8B4-4FA5-8A61-1FFE73FD1C7F}.staging|x86.ActiveCfg = Homolog|Any CPU
		{3836AFD9-D7B2-4864-85F2-2B5FCA2562D8}.Debug|Any CPU.ActiveCfg = Debug|Any CPU
		{3836AFD9-D7B2-4864-85F2-2B5FCA2562D8}.Debug|Any CPU.Build.0 = Debug|Any CPU
		{3836AFD9-D7B2-4864-85F2-2B5FCA2562D8}.Debug|x64.ActiveCfg = Debug|Any CPU
		{3836AFD9-D7B2-4864-85F2-2B5FCA2562D8}.Debug|x86.ActiveCfg = Debug|Any CPU
		{3836AFD9-D7B2-4864-85F2-2B5FCA2562D8}.Debug|x86.Build.0 = Debug|Any CPU
		{3836AFD9-D7B2-4864-85F2-2B5FCA2562D8}.Homolog|Any CPU.ActiveCfg = Homolog|Any CPU
		{3836AFD9-D7B2-4864-85F2-2B5FCA2562D8}.Homolog|Any CPU.Build.0 = Homolog|Any CPU
		{3836AFD9-D7B2-4864-85F2-2B5FCA2562D8}.Homolog|x64.ActiveCfg = Homolog|Any CPU
		{3836AFD9-D7B2-4864-85F2-2B5FCA2562D8}.Homolog|x86.ActiveCfg = Homolog|Any CPU
		{3836AFD9-D7B2-4864-85F2-2B5FCA2562D8}.Producao|Any CPU.ActiveCfg = Producao|Any CPU
		{3836AFD9-D7B2-4864-85F2-2B5FCA2562D8}.Producao|Any CPU.Build.0 = Producao|Any CPU
		{3836AFD9-D7B2-4864-85F2-2B5FCA2562D8}.Producao|x64.ActiveCfg = Producao|Any CPU
		{3836AFD9-D7B2-4864-85F2-2B5FCA2562D8}.Producao|x86.ActiveCfg = Producao|Any CPU
		{3836AFD9-D7B2-4864-85F2-2B5FCA2562D8}.production|Any CPU.ActiveCfg = Producao|Any CPU
		{3836AFD9-D7B2-4864-85F2-2B5FCA2562D8}.production|Any CPU.Build.0 = Producao|Any CPU
		{3836AFD9-D7B2-4864-85F2-2B5FCA2562D8}.production|x64.ActiveCfg = Producao|Any CPU
		{3836AFD9-D7B2-4864-85F2-2B5FCA2562D8}.production|x86.ActiveCfg = Producao|Any CPU
		{3836AFD9-D7B2-4864-85F2-2B5FCA2562D8}.Release|Any CPU.ActiveCfg = Release|Any CPU
		{3836AFD9-D7B2-4864-85F2-2B5FCA2562D8}.Release|Any CPU.Build.0 = Release|Any CPU
		{3836AFD9-D7B2-4864-85F2-2B5FCA2562D8}.Release|x64.ActiveCfg = Release|Any CPU
		{3836AFD9-D7B2-4864-85F2-2B5FCA2562D8}.Release|x86.ActiveCfg = Release|Any CPU
		{3836AFD9-D7B2-4864-85F2-2B5FCA2562D8}.staging|Any CPU.ActiveCfg = Homolog|Any CPU
		{3836AFD9-D7B2-4864-85F2-2B5FCA2562D8}.staging|Any CPU.Build.0 = Homolog|Any CPU
		{3836AFD9-D7B2-4864-85F2-2B5FCA2562D8}.staging|x64.ActiveCfg = Homolog|Any CPU
		{3836AFD9-D7B2-4864-85F2-2B5FCA2562D8}.staging|x86.ActiveCfg = Homolog|Any CPU
		{A8ABD319-D271-470A-8EE4-E3D8CA5F79B3}.Debug|Any CPU.ActiveCfg = Debug|Any CPU
		{A8ABD319-D271-470A-8EE4-E3D8CA5F79B3}.Debug|Any CPU.Build.0 = Debug|Any CPU
		{A8ABD319-D271-470A-8EE4-E3D8CA5F79B3}.Debug|x64.ActiveCfg = Debug|Any CPU
		{A8ABD319-D271-470A-8EE4-E3D8CA5F79B3}.Debug|x86.ActiveCfg = Debug|Any CPU
		{A8ABD319-D271-470A-8EE4-E3D8CA5F79B3}.Homolog|Any CPU.ActiveCfg = Homolog|Any CPU
		{A8ABD319-D271-470A-8EE4-E3D8CA5F79B3}.Homolog|Any CPU.Build.0 = Homolog|Any CPU
		{A8ABD319-D271-470A-8EE4-E3D8CA5F79B3}.Homolog|x64.ActiveCfg = Homolog|x64
		{A8ABD319-D271-470A-8EE4-E3D8CA5F79B3}.Homolog|x64.Build.0 = Homolog|x64
		{A8ABD319-D271-470A-8EE4-E3D8CA5F79B3}.Homolog|x86.ActiveCfg = Homolog|x86
		{A8ABD319-D271-470A-8EE4-E3D8CA5F79B3}.Homolog|x86.Build.0 = Homolog|x86
		{A8ABD319-D271-470A-8EE4-E3D8CA5F79B3}.Producao|Any CPU.ActiveCfg = Producao|Any CPU
		{A8ABD319-D271-470A-8EE4-E3D8CA5F79B3}.Producao|Any CPU.Build.0 = Producao|Any CPU
		{A8ABD319-D271-470A-8EE4-E3D8CA5F79B3}.Producao|x64.ActiveCfg = Producao|x64
		{A8ABD319-D271-470A-8EE4-E3D8CA5F79B3}.Producao|x64.Build.0 = Producao|x64
		{A8ABD319-D271-470A-8EE4-E3D8CA5F79B3}.Producao|x86.ActiveCfg = Producao|x86
		{A8ABD319-D271-470A-8EE4-E3D8CA5F79B3}.Producao|x86.Build.0 = Producao|x86
		{A8ABD319-D271-470A-8EE4-E3D8CA5F79B3}.production|Any CPU.ActiveCfg = Producao|Any CPU
		{A8ABD319-D271-470A-8EE4-E3D8CA5F79B3}.production|Any CPU.Build.0 = Producao|Any CPU
		{A8ABD319-D271-470A-8EE4-E3D8CA5F79B3}.production|x64.ActiveCfg = Producao|x64
		{A8ABD319-D271-470A-8EE4-E3D8CA5F79B3}.production|x64.Build.0 = Producao|x64
		{A8ABD319-D271-470A-8EE4-E3D8CA5F79B3}.production|x86.ActiveCfg = Producao|x86
		{A8ABD319-D271-470A-8EE4-E3D8CA5F79B3}.production|x86.Build.0 = Producao|x86
		{A8ABD319-D271-470A-8EE4-E3D8CA5F79B3}.Release|Any CPU.ActiveCfg = Release|Any CPU
		{A8ABD319-D271-470A-8EE4-E3D8CA5F79B3}.Release|Any CPU.Build.0 = Release|Any CPU
		{A8ABD319-D271-470A-8EE4-E3D8CA5F79B3}.Release|x64.ActiveCfg = Release|Any CPU
		{A8ABD319-D271-470A-8EE4-E3D8CA5F79B3}.Release|x86.ActiveCfg = Release|Any CPU
		{A8ABD319-D271-470A-8EE4-E3D8CA5F79B3}.staging|Any CPU.ActiveCfg = Homolog|Any CPU
		{A8ABD319-D271-470A-8EE4-E3D8CA5F79B3}.staging|Any CPU.Build.0 = Homolog|Any CPU
		{A8ABD319-D271-470A-8EE4-E3D8CA5F79B3}.staging|x64.ActiveCfg = Homolog|x64
		{A8ABD319-D271-470A-8EE4-E3D8CA5F79B3}.staging|x64.Build.0 = Homolog|x64
		{A8ABD319-D271-470A-8EE4-E3D8CA5F79B3}.staging|x86.ActiveCfg = Homolog|x86
		{A8ABD319-D271-470A-8EE4-E3D8CA5F79B3}.staging|x86.Build.0 = Homolog|x86
	EndGlobalSection
	GlobalSection(SolutionProperties) = preSolution
		HideSolutionNode = FALSE
	EndGlobalSection
	GlobalSection(NestedProjects) = preSolution
		{45A52F80-55A6-47B5-86B9-3330A2709457} = {7DA8E5C5-5F9E-480D-8BD9-360A8942DE37}
		{39A8FD75-FC28-49A8-933A-3F735F96F137} = {7DA8E5C5-5F9E-480D-8BD9-360A8942DE37}
		{98388FCF-F690-4576-B6CB-E054F4A72097} = {7DA8E5C5-5F9E-480D-8BD9-360A8942DE37}
		{D099B23D-6352-4336-BAE8-1A5C97F515D9} = {7DA8E5C5-5F9E-480D-8BD9-360A8942DE37}
		{4BDD369C-E089-4BFD-BA8C-C0EAAAC086A0} = {7DA8E5C5-5F9E-480D-8BD9-360A8942DE37}
		{6A046605-146B-4DC3-8270-8593FBA71EB6} = {7DA8E5C5-5F9E-480D-8BD9-360A8942DE37}
		{D6C8573F-35C1-4D4F-B361-E917C52B361D} = {7DA8E5C5-5F9E-480D-8BD9-360A8942DE37}
		{C69042FC-BB1B-4C28-9B3B-3CA5F9F0F7FF} = {7DA8E5C5-5F9E-480D-8BD9-360A8942DE37}
		{99FE1E17-B511-439A-AEA0-1AC133739F35} = {7DA8E5C5-5F9E-480D-8BD9-360A8942DE37}
		{53723C07-EE79-4B98-BE2A-AA3A67237E7F} = {7DA8E5C5-5F9E-480D-8BD9-360A8942DE37}
		{6705F19E-E8B4-4FA5-8A61-1FFE73FD1C7F} = {7DA8E5C5-5F9E-480D-8BD9-360A8942DE37}
		{3836AFD9-D7B2-4864-85F2-2B5FCA2562D8} = {7DA8E5C5-5F9E-480D-8BD9-360A8942DE37}
		{A8ABD319-D271-470A-8EE4-E3D8CA5F79B3} = {7DA8E5C5-5F9E-480D-8BD9-360A8942DE37}
	EndGlobalSection
EndGlobal
